
Microsoft Visual Studio Solution File, Format Version 12.00
# Visual Studio 15
Project("{FAE04EC0-301F-11D3-BF4B-00C04F79EFBC}") = "Assembly-CSharp", "Assembly-CSharp.csproj", "{05B8A43A-B271-FA5C-962C-77692F4DE03E}"
EndProject
Project("{FAE04EC0-301F-11D3-BF4B-00C04F79EFBC}") = "Assembly-CSharp-Editor", "Assembly-CSharp-Editor.csproj", "{2873FCA9-371E-1AD9-7DAE-91461A21D55E}"
EndProject
Global
	GlobalSection(SolutionConfigurationPlatforms) = preSolution
		Debug|Any CPU = Debug|Any CPU
		Release|Any CPU = Release|Any CPU
	EndGlobalSection
	GlobalSection(ProjectConfigurationPlatforms) = postSolution
		{05B8A43A-B271-FA5C-962C-77692F4DE03E}.Debug|Any CPU.ActiveCfg = Debug|Any CPU
		{05B8A43A-B271-FA5C-962C-77692F4DE03E}.Debug|Any CPU.Build.0 = Debug|Any CPU
		{05B8A43A-B271-FA5C-962C-77692F4DE03E}.Release|Any CPU.ActiveCfg = Release|Any CPU
		{05B8A43A-B271-FA5C-962C-77692F4DE03E}.Release|Any CPU.Build.0 = Release|Any CPU
		{2873FCA9-371E-1AD9-7DAE-91461A21D55E}.Debug|Any CPU.ActiveCfg = Debug|Any CPU
		{2873FCA9-371E-1AD9-7DAE-91461A21D55E}.Debug|Any CPU.Build.0 = Debug|Any CPU
		{2873FCA9-371E-1AD9-7DAE-91461A21D55E}.Release|Any CPU.ActiveCfg = Release|Any CPU
		{2873FCA9-371E-1AD9-7DAE-91461A21D55E}.Release|Any CPU.Build.0 = Release|Any CPU
	EndGlobalSection
	GlobalSection(SolutionProperties) = preSolution
		HideSolutionNode = FALSE
	EndGlobalSection
EndGlobal
