
Microsoft Visual Studio Solution File, Format Version 11.00
# Visual Studio 2010
Project("{FAE04EC0-301F-11D3-BF4B-00C04F79EFBC}") = "Assembly-CSharp", "Assembly-CSharp.csproj", "{4b1ddd16-1700-97c8-ac70-0d4740c4acc9}"
EndProject
Project("{FAE04EC0-301F-11D3-BF4B-00C04F79EFBC}") = "Assembly-CSharp-Editor", "Assembly-CSharp-Editor.csproj", "{91cb0cf5-f364-eeff-ce3b-fc71c08509da}"
EndProject
Global
	GlobalSection(SolutionConfigurationPlatforms) = preSolution
		Debug|Any CPU = Debug|Any CPU
	EndGlobalSection
	GlobalSection(ProjectConfigurationPlatforms) = postSolution
		{4b1ddd16-1700-97c8-ac70-0d4740c4acc9}.Debug|Any CPU.ActiveCfg = Debug|Any CPU
		{4b1ddd16-1700-97c8-ac70-0d4740c4acc9}.Debug|Any CPU.Build.0 = Debug|Any CPU
		{91cb0cf5-f364-eeff-ce3b-fc71c08509da}.Debug|Any CPU.ActiveCfg = Debug|Any CPU
		{91cb0cf5-f364-eeff-ce3b-fc71c08509da}.Debug|Any CPU.Build.0 = Debug|Any CPU
	EndGlobalSection
	GlobalSection(SolutionProperties) = preSolution
		HideSolutionNode = FALSE
	EndGlobalSection
EndGlobal
